{
  "name": "component-library",
  "version": "0.0.1",
  "lockfileVersion": 3,
  "requires": true,
  "packages": {
    "": {
      "name": "component-library",
      "version": "0.0.1",
      "dependencies": {
        "tslib": "^2.3.0"
      },
      "peerDependencies": {
        "@angular/common": "^17.3.0",
        "@angular/core": "^17.3.0",
        "@scania/tegel": "file:scania-tegel-1.8.2.tgz"
      }
    },
    "node_modules/@angular/common": {
      "version": "17.3.9",
      "resolved": "https://registry.npmjs.org/@angular/common/-/common-17.3.9.tgz",
      "integrity": "sha512-tH1VfbAvNVaz6ZYa+q0DiKtbmUql1jK/3q/af74B8nVjKLHcXVWwxvBayqvrmlUt7FGANGkETIcCWrB44k47Ug==",
      "peer": true,
      "dependencies": {
        "tslib": "^2.3.0"
      },
      "engines": {
        "node": "^18.13.0 || >=20.9.0"
      },
      "peerDependencies": {
        "@angular/core": "17.3.9",
        "rxjs": "^6.5.3 || ^7.4.0"
      }
    },
    "node_modules/@angular/core": {
      "version": "17.3.9",
      "resolved": "https://registry.npmjs.org/@angular/core/-/core-17.3.9.tgz",
      "integrity": "sha512-x+h5BQ6islvYWGVLTz1CEgNq1/5IYngQ+Inq/tWayM6jN7RPOCydCCbCw+uOZS7MgFebkP0gYTVm14y1MRFKSQ==",
      "peer": true,
      "dependencies": {
        "tslib": "^2.3.0"
      },
      "engines": {
        "node": "^18.13.0 || >=20.9.0"
      },
      "peerDependencies": {
        "rxjs": "^6.5.3 || ^7.4.0",
        "zone.js": "~0.14.0"
      }
    },
    "node_modules/@babel/runtime": {
      "version": "7.24.5",
      "resolved": "https://registry.npmjs.org/@babel/runtime/-/runtime-7.24.5.tgz",
      "integrity": "sha512-Nms86NXrsaeU9vbBJKni6gXiEXZ4CVpYVzEjDH9Sb8vmZ3UljyA1GSOJl/6LGPO8EHLuSF9H+IxNXHPX8QHJ4g==",
      "peer": true,
      "dependencies": {
        "regenerator-runtime": "^0.14.0"
      },
      "engines": {
        "node": ">=6.9.0"
      }
    },
    "node_modules/@popperjs/core": {
      "version": "2.11.8",
      "resolved": "https://registry.npmjs.org/@popperjs/core/-/core-2.11.8.tgz",
      "integrity": "sha512-P1st0aksCrn9sGZhp8GMYwBnQsbvAWsZAX44oXNNvLHGqAOcoVxmjZiohstwQ7SqKnbR47akdNi+uleWD8+g6A==",
      "peer": true,
      "funding": {
        "type": "opencollective",
        "url": "https://opencollective.com/popperjs"
      }
    },
    "node_modules/@scania/tegel": {
      "version": "1.8.2",
      "resolved": "file:scania-tegel-1.8.2.tgz",
      "integrity": "sha512-+lJ1QgPXBYvPWOQZvJvT+4Bur3APS/vEccFQ2KdLqrhxBxKhYaweqwbJ273tzGiXuvAHLbByJstGvoobbGsyKw==",
      "license": "MIT",
      "peer": true,
      "dependencies": {
        "@popperjs/core": "^2.11.8",
        "@stencil/core": "^4.18.1",
        "date-fns": "^2.30.0",
        "prettier": "^2.7.1"
      }
    },
    "node_modules/@stencil/core": {
      "version": "4.18.1",
      "resolved": "https://registry.npmjs.org/@stencil/core/-/core-4.18.1.tgz",
      "integrity": "sha512-WoRctLuXqoiLquS4EEvMoyLsbQ5+xuk8wp0+n4mYjoAoXy8NppXmMqKrMlFyYXL/zUI5ODS7U7IcLCpZ3IcKZQ==",
      "peer": true,
      "bin": {
        "stencil": "bin/stencil"
      },
      "engines": {
        "node": ">=16.0.0",
        "npm": ">=7.10.0"
      }
    },
    "node_modules/date-fns": {
      "version": "2.30.0",
      "resolved": "https://registry.npmjs.org/date-fns/-/date-fns-2.30.0.tgz",
      "integrity": "sha512-fnULvOpxnC5/Vg3NCiWelDsLiUc9bRwAPs/+LfTLNvetFCtCTN+yQz15C/fs4AwX1R9K5GLtLfn8QW+dWisaAw==",
      "peer": true,
      "dependencies": {
        "@babel/runtime": "^7.21.0"
      },
      "engines": {
        "node": ">=0.11"
      },
      "funding": {
        "type": "opencollective",
        "url": "https://opencollective.com/date-fns"
      }
    },
    "node_modules/prettier": {
      "version": "2.8.8",
      "resolved": "https://registry.npmjs.org/prettier/-/prettier-2.8.8.tgz",
      "integrity": "sha512-tdN8qQGvNjw4CHbY+XXk0JgCXn9QiF21a55rBe5LJAU+kDyC4WQn4+awm2Xfk2lQMk5fKup9XgzTZtGkjBdP9Q==",
      "peer": true,
      "bin": {
        "prettier": "bin-prettier.js"
      },
      "engines": {
        "node": ">=10.13.0"
      },
      "funding": {
        "url": "https://github.com/prettier/prettier?sponsor=1"
      }
    },
    "node_modules/regenerator-runtime": {
      "version": "0.14.1",
      "resolved": "https://registry.npmjs.org/regenerator-runtime/-/regenerator-runtime-0.14.1.tgz",
      "integrity": "sha512-dYnhHh0nJoMfnkZs6GmmhFknAGRrLznOu5nc9ML+EJxGvrx6H7teuevqVqCuPcPK//3eDrrjQhehXVx9cnkGdw==",
      "peer": true
    },
    "node_modules/rxjs": {
      "version": "7.8.1",
      "resolved": "https://registry.npmjs.org/rxjs/-/rxjs-7.8.1.tgz",
      "integrity": "sha512-AA3TVj+0A2iuIoQkWEK/tqFjBq2j+6PO6Y0zJcvzLAFhEFIO3HL0vls9hWLncZbAAbK0mar7oZ4V079I/qPMxg==",
      "peer": true,
      "dependencies": {
        "tslib": "^2.1.0"
      }
    },
    "node_modules/tslib": {
      "version": "2.6.2",
      "resolved": "https://registry.npmjs.org/tslib/-/tslib-2.6.2.tgz",
      "integrity": "sha512-AEYxH93jGFPn/a2iVAwW87VuUIkR1FVUKB77NwMF7nBTDkDrrT/Hpt/IrCJ0QXhW27jTBDcf5ZY7w6RiqTMw2Q=="
    },
    "node_modules/zone.js": {
      "version": "0.14.6",
      "resolved": "https://registry.npmjs.org/zone.js/-/zone.js-0.14.6.tgz",
      "integrity": "sha512-vyRNFqofdaHVdWAy7v3Bzmn84a1JHWSjpuTZROT/uYn8I3p2cmo7Ro9twFmYRQDPhiYOV7QLk0hhY4JJQVqS6Q==",
      "peer": true
    }
  }
}
